
Microsoft Visual Studio Solution File, Format Version 12.00
# Visual Studio Version 17
VisualStudioVersion = 17.3.32819.101
MinimumVisualStudioVersion = 10.0.40219.1
Project("{9A19103F-16F7-4668-BE54-9A1E7A4F7556}") = "MedView", "MedView.csproj", "{38A65B51-A54B-4B40-8134-D54F7660762D}"
EndProject
Global
	GlobalSection(SolutionConfigurationPlatforms) = preSolution
		Debug|Any CPU = Debug|Any CPU
		Release|Any CPU = Release|Any CPU
	EndGlobalSection
	GlobalSection(ProjectConfigurationPlatforms) = postSolution
		{38A65B51-A54B-4B40-8134-D54F7660762D}.Debug|Any CPU.ActiveCfg = Debug|Any CPU
		{38A65B51-A54B-4B40-8134-D54F7660762D}.Debug|Any CPU.Build.0 = Debug|Any CPU
		{38A65B51-A54B-4B40-8134-D54F7660762D}.Release|Any CPU.ActiveCfg = Release|Any CPU
		{38A65B51-A54B-4B40-8134-D54F7660762D}.Release|Any CPU.Build.0 = Release|Any CPU
	EndGlobalSection
	GlobalSection(SolutionProperties) = preSolution
		HideSolutionNode = FALSE
	EndGlobalSection
	GlobalSection(ExtensibilityGlobals) = postSolution
		SolutionGuid = {F584C7AC-F9A1-48AD-9B01-2879907B7FBD}
	EndGlobalSection
EndGlobal
